
Microsoft Visual Studio Solution File, Format Version 12.00
# Visual Studio Version 17
VisualStudioVersion = 17.4.33213.308
MinimumVisualStudioVersion = 10.0.40219.1
Project("{FAE04EC0-301F-11D3-BF4B-00C04F79EFBC}") = "ConsoleApp1", "ConsoleApp1\ConsoleApp1.csproj", "{7E45D416-6775-45BC-816D-B0D2FA153BAF}"
EndProject
Global
	GlobalSection(SolutionConfigurationPlatforms) = preSolution
		Debug|Any CPU = Debug|Any CPU
		Release|Any CPU = Release|Any CPU
	EndGlobalSection
	GlobalSection(ProjectConfigurationPlatforms) = postSolution
		{7E45D416-6775-45BC-816D-B0D2FA153BAF}.Debug|Any CPU.ActiveCfg = Debug|Any CPU
		{7E45D416-6775-45BC-816D-B0D2FA153BAF}.Debug|Any CPU.Build.0 = Debug|Any CPU
		{7E45D416-6775-45BC-816D-B0D2FA153BAF}.Release|Any CPU.ActiveCfg = Release|Any CPU
		{7E45D416-6775-45BC-816D-B0D2FA153BAF}.Release|Any CPU.Build.0 = Release|Any CPU
	EndGlobalSection
	GlobalSection(SolutionProperties) = preSolution
		HideSolutionNode = FALSE
	EndGlobalSection
	GlobalSection(ExtensibilityGlobals) = postSolution
		SolutionGuid = {D8E4A725-17E9-422E-9F95-D8627761DD79}
	EndGlobalSection
EndGlobal
